// !$*UTF8*$!
{
	archiveVersion = 1;
	classes = {
	};
	objectVersion = 56;
	objects = {

/* Begin PBXBuildFile section */
		116F5A204DDA055C6DB19272 /* Pods_WorkoutTracker.framework in Frameworks */ = {isa = PBXBuildFile; fileRef = C028D81F1DC421044EEE5A4E /* Pods_WorkoutTracker.framework */; };
		5976DE82F6AED6F3C52AE74C /* Pods_WorkoutTracker_WorkoutTrackerUITests.framework in Frameworks */ = {isa = PBXBuildFile; fileRef = 39A3D9DD4274D755F4064DD7 /* Pods_WorkoutTracker_WorkoutTrackerUITests.framework */; };
		7908BCA22A13155A00E6D1D0 /* StartExerciseView.swift in Sources */ = {isa = PBXBuildFile; fileRef = 7908BCA12A13155A00E6D1D0 /* StartExerciseView.swift */; };
		791CB8712A10624E0096E246 /* CurrentExercise.swift in Sources */ = {isa = PBXBuildFile; fileRef = 791CB8702A10624E0096E246 /* CurrentExercise.swift */; };
		791CB8752A106B810096E246 /* CurrentExerciseSet.swift in Sources */ = {isa = PBXBuildFile; fileRef = 791CB8742A106B810096E246 /* CurrentExerciseSet.swift */; };
		791CB8772A10792A0096E246 /* Workout.swift in Sources */ = {isa = PBXBuildFile; fileRef = 791CB8762A10792A0096E246 /* Workout.swift */; };
		791CB8792A1079A70096E246 /* Exercise.swift in Sources */ = {isa = PBXBuildFile; fileRef = 791CB8782A1079A70096E246 /* Exercise.swift */; };
		791CB87B2A107C230096E246 /* SetObject.swift in Sources */ = {isa = PBXBuildFile; fileRef = 791CB87A2A107C230096E246 /* SetObject.swift */; };
		791CB87D2A10A8870096E246 /* CurrentExerciseCompletedSets.swift in Sources */ = {isa = PBXBuildFile; fileRef = 791CB87C2A10A8870096E246 /* CurrentExerciseCompletedSets.swift */; };
		794A64352A03354000FF3091 /* WorkoutTrackerApp.swift in Sources */ = {isa = PBXBuildFile; fileRef = 794A64342A03354000FF3091 /* WorkoutTrackerApp.swift */; };
		794A64372A03354000FF3091 /* ContentView.swift in Sources */ = {isa = PBXBuildFile; fileRef = 794A64362A03354000FF3091 /* ContentView.swift */; };
		794A64392A03354300FF3091 /* Assets.xcassets in Resources */ = {isa = PBXBuildFile; fileRef = 794A64382A03354300FF3091 /* Assets.xcassets */; };
		794A643C2A03354300FF3091 /* Preview Assets.xcassets in Resources */ = {isa = PBXBuildFile; fileRef = 794A643B2A03354300FF3091 /* Preview Assets.xcassets */; };
		794A64462A03354400FF3091 /* WorkoutTrackerTests.swift in Sources */ = {isa = PBXBuildFile; fileRef = 794A64452A03354400FF3091 /* WorkoutTrackerTests.swift */; };
		794A64502A03354400FF3091 /* WorkoutTrackerUITests.swift in Sources */ = {isa = PBXBuildFile; fileRef = 794A644F2A03354400FF3091 /* WorkoutTrackerUITests.swift */; };
		794A64522A03354400FF3091 /* WorkoutTrackerUITestsLaunchTests.swift in Sources */ = {isa = PBXBuildFile; fileRef = 794A64512A03354400FF3091 /* WorkoutTrackerUITestsLaunchTests.swift */; };
		794A64632A0343B100FF3091 /* Header.swift in Sources */ = {isa = PBXBuildFile; fileRef = 794A64622A0343B100FF3091 /* Header.swift */; };
		794A64652A0346D800FF3091 /* ViewRouter.swift in Sources */ = {isa = PBXBuildFile; fileRef = 794A64642A0346D800FF3091 /* ViewRouter.swift */; };
		794A64682A03505400FF3091 /* SignUpView.swift in Sources */ = {isa = PBXBuildFile; fileRef = 794A64672A03505400FF3091 /* SignUpView.swift */; };
		794A646A2A03506100FF3091 /* SignInView.swift in Sources */ = {isa = PBXBuildFile; fileRef = 794A64692A03506100FF3091 /* SignInView.swift */; };
		794A646C2A03509200FF3091 /* MainView.swift in Sources */ = {isa = PBXBuildFile; fileRef = 794A646B2A03509200FF3091 /* MainView.swift */; };
		794A646F2A0350A500FF3091 /* WorkoutView.swift in Sources */ = {isa = PBXBuildFile; fileRef = 794A646E2A0350A500FF3091 /* WorkoutView.swift */; };
		794A64712A03519700FF3091 /* Home.swift in Sources */ = {isa = PBXBuildFile; fileRef = 794A64702A03519700FF3091 /* Home.swift */; };
		794A64742A03547600FF3091 /* ProfileView.swift in Sources */ = {isa = PBXBuildFile; fileRef = 794A64732A03547600FF3091 /* ProfileView.swift */; };
		794A64772A035C4700FF3091 /* WorkoutGenerator.swift in Sources */ = {isa = PBXBuildFile; fileRef = 794A64762A035C4700FF3091 /* WorkoutGenerator.swift */; };
		794A64792A035D1400FF3091 /* StartWorkoutHome.swift in Sources */ = {isa = PBXBuildFile; fileRef = 794A64782A035D1400FF3091 /* StartWorkoutHome.swift */; };
		794A647B2A049F6A00FF3091 /* WorkoutModel.swift in Sources */ = {isa = PBXBuildFile; fileRef = 794A647A2A049F6900FF3091 /* WorkoutModel.swift */; };
		794A647D2A04A4BF00FF3091 /* WorkoutTimer.swift in Sources */ = {isa = PBXBuildFile; fileRef = 794A647C2A04A4BF00FF3091 /* WorkoutTimer.swift */; };
		795DBFC62A1169C800C6F0BF /* AddSetView.swift in Sources */ = {isa = PBXBuildFile; fileRef = 795DBFC52A1169C800C6F0BF /* AddSetView.swift */; };
		79E0A0372A183CCC00B95875 /* StartWorkoutButton.swift in Sources */ = {isa = PBXBuildFile; fileRef = 79E0A0362A183CCB00B95875 /* StartWorkoutButton.swift */; };
		79E0A03A2A18408B00B95875 /* TextExtenstions.swift in Sources */ = {isa = PBXBuildFile; fileRef = 79E0A0392A18408B00B95875 /* TextExtenstions.swift */; };
		79F6DE5C2A15E09200C3E1BA /* CompletedExercisesView.swift in Sources */ = {isa = PBXBuildFile; fileRef = 79F6DE5B2A15E09200C3E1BA /* CompletedExercisesView.swift */; };
		9EF758BE27EDE3E049516DBB /* Pods_WorkoutTrackerTests.framework in Frameworks */ = {isa = PBXBuildFile; fileRef = 243A435BD7A4939CFCC24192 /* Pods_WorkoutTrackerTests.framework */; };
/* End PBXBuildFile section */

/* Begin PBXContainerItemProxy section */
		794A64422A03354400FF3091 /* PBXContainerItemProxy */ = {
			isa = PBXContainerItemProxy;
			containerPortal = 794A64292A03354000FF3091 /* Project object */;
			proxyType = 1;
			remoteGlobalIDString = 794A64302A03354000FF3091;
			remoteInfo = WorkoutTracker;
		};
		794A644C2A03354400FF3091 /* PBXContainerItemProxy */ = {
			isa = PBXContainerItemProxy;
			containerPortal = 794A64292A03354000FF3091 /* Project object */;
			proxyType = 1;
			remoteGlobalIDString = 794A64302A03354000FF3091;
			remoteInfo = WorkoutTracker;
		};
/* End PBXContainerItemProxy section */

/* Begin PBXFileReference section */
		01E61B72E41FA6E624F414B9 /* Pods-WorkoutTracker.release.xcconfig */ = {isa = PBXFileReference; includeInIndex = 1; lastKnownFileType = text.xcconfig; name = "Pods-WorkoutTracker.release.xcconfig"; path = "Target Support Files/Pods-WorkoutTracker/Pods-WorkoutTracker.release.xcconfig"; sourceTree = "<group>"; };
		243A435BD7A4939CFCC24192 /* Pods_WorkoutTrackerTests.framework */ = {isa = PBXFileReference; explicitFileType = wrapper.framework; includeInIndex = 0; path = Pods_WorkoutTrackerTests.framework; sourceTree = BUILT_PRODUCTS_DIR; };
		278E022C753EDDC4EFA5BB0A /* Pods-WorkoutTracker-WorkoutTrackerUITests.release.xcconfig */ = {isa = PBXFileReference; includeInIndex = 1; lastKnownFileType = text.xcconfig; name = "Pods-WorkoutTracker-WorkoutTrackerUITests.release.xcconfig"; path = "Target Support Files/Pods-WorkoutTracker-WorkoutTrackerUITests/Pods-WorkoutTracker-WorkoutTrackerUITests.release.xcconfig"; sourceTree = "<group>"; };
		39A3D9DD4274D755F4064DD7 /* Pods_WorkoutTracker_WorkoutTrackerUITests.framework */ = {isa = PBXFileReference; explicitFileType = wrapper.framework; includeInIndex = 0; path = Pods_WorkoutTracker_WorkoutTrackerUITests.framework; sourceTree = BUILT_PRODUCTS_DIR; };
		40BFB98E515FFBF55928759A /* Pods-WorkoutTrackerTests.debug.xcconfig */ = {isa = PBXFileReference; includeInIndex = 1; lastKnownFileType = text.xcconfig; name = "Pods-WorkoutTrackerTests.debug.xcconfig"; path = "Target Support Files/Pods-WorkoutTrackerTests/Pods-WorkoutTrackerTests.debug.xcconfig"; sourceTree = "<group>"; };
		67EF9335FEA981E6BBB443DB /* Pods-WorkoutTracker.debug.xcconfig */ = {isa = PBXFileReference; includeInIndex = 1; lastKnownFileType = text.xcconfig; name = "Pods-WorkoutTracker.debug.xcconfig"; path = "Target Support Files/Pods-WorkoutTracker/Pods-WorkoutTracker.debug.xcconfig"; sourceTree = "<group>"; };
		7908BCA12A13155A00E6D1D0 /* StartExerciseView.swift */ = {isa = PBXFileReference; lastKnownFileType = sourcecode.swift; path = StartExerciseView.swift; sourceTree = "<group>"; };
		791CB8702A10624E0096E246 /* CurrentExercise.swift */ = {isa = PBXFileReference; lastKnownFileType = sourcecode.swift; path = CurrentExercise.swift; sourceTree = "<group>"; };
		791CB8742A106B810096E246 /* CurrentExerciseSet.swift */ = {isa = PBXFileReference; lastKnownFileType = sourcecode.swift; path = CurrentExerciseSet.swift; sourceTree = "<group>"; };
		791CB8762A10792A0096E246 /* Workout.swift */ = {isa = PBXFileReference; lastKnownFileType = sourcecode.swift; path = Workout.swift; sourceTree = "<group>"; };
		791CB8782A1079A70096E246 /* Exercise.swift */ = {isa = PBXFileReference; lastKnownFileType = sourcecode.swift; path = Exercise.swift; sourceTree = "<group>"; };
		791CB87A2A107C230096E246 /* SetObject.swift */ = {isa = PBXFileReference; lastKnownFileType = sourcecode.swift; path = SetObject.swift; sourceTree = "<group>"; };
		791CB87C2A10A8870096E246 /* CurrentExerciseCompletedSets.swift */ = {isa = PBXFileReference; lastKnownFileType = sourcecode.swift; path = CurrentExerciseCompletedSets.swift; sourceTree = "<group>"; };
		794A64312A03354000FF3091 /* WorkoutTracker.app */ = {isa = PBXFileReference; explicitFileType = wrapper.application; includeInIndex = 0; path = WorkoutTracker.app; sourceTree = BUILT_PRODUCTS_DIR; };
		794A64342A03354000FF3091 /* WorkoutTrackerApp.swift */ = {isa = PBXFileReference; lastKnownFileType = sourcecode.swift; path = WorkoutTrackerApp.swift; sourceTree = "<group>"; };
		794A64362A03354000FF3091 /* ContentView.swift */ = {isa = PBXFileReference; lastKnownFileType = sourcecode.swift; path = ContentView.swift; sourceTree = "<group>"; };
		794A64382A03354300FF3091 /* Assets.xcassets */ = {isa = PBXFileReference; lastKnownFileType = folder.assetcatalog; path = Assets.xcassets; sourceTree = "<group>"; };
		794A643B2A03354300FF3091 /* Preview Assets.xcassets */ = {isa = PBXFileReference; lastKnownFileType = folder.assetcatalog; path = "Preview Assets.xcassets"; sourceTree = "<group>"; };
		794A64412A03354400FF3091 /* WorkoutTrackerTests.xctest */ = {isa = PBXFileReference; explicitFileType = wrapper.cfbundle; includeInIndex = 0; path = WorkoutTrackerTests.xctest; sourceTree = BUILT_PRODUCTS_DIR; };
		794A64452A03354400FF3091 /* WorkoutTrackerTests.swift */ = {isa = PBXFileReference; lastKnownFileType = sourcecode.swift; path = WorkoutTrackerTests.swift; sourceTree = "<group>"; };
		794A644B2A03354400FF3091 /* WorkoutTrackerUITests.xctest */ = {isa = PBXFileReference; explicitFileType = wrapper.cfbundle; includeInIndex = 0; path = WorkoutTrackerUITests.xctest; sourceTree = BUILT_PRODUCTS_DIR; };
		794A644F2A03354400FF3091 /* WorkoutTrackerUITests.swift */ = {isa = PBXFileReference; lastKnownFileType = sourcecode.swift; path = WorkoutTrackerUITests.swift; sourceTree = "<group>"; };
		794A64512A03354400FF3091 /* WorkoutTrackerUITestsLaunchTests.swift */ = {isa = PBXFileReference; lastKnownFileType = sourcecode.swift; path = WorkoutTrackerUITestsLaunchTests.swift; sourceTree = "<group>"; };
		794A64622A0343B100FF3091 /* Header.swift */ = {isa = PBXFileReference; lastKnownFileType = sourcecode.swift; path = Header.swift; sourceTree = "<group>"; };
		794A64642A0346D800FF3091 /* ViewRouter.swift */ = {isa = PBXFileReference; lastKnownFileType = sourcecode.swift; path = ViewRouter.swift; sourceTree = "<group>"; };
		794A64672A03505400FF3091 /* SignUpView.swift */ = {isa = PBXFileReference; lastKnownFileType = sourcecode.swift; path = SignUpView.swift; sourceTree = "<group>"; };
		794A64692A03506100FF3091 /* SignInView.swift */ = {isa = PBXFileReference; lastKnownFileType = sourcecode.swift; path = SignInView.swift; sourceTree = "<group>"; };
		794A646B2A03509200FF3091 /* MainView.swift */ = {isa = PBXFileReference; lastKnownFileType = sourcecode.swift; path = MainView.swift; sourceTree = "<group>"; };
		794A646E2A0350A500FF3091 /* WorkoutView.swift */ = {isa = PBXFileReference; lastKnownFileType = sourcecode.swift; path = WorkoutView.swift; sourceTree = "<group>"; };
		794A64702A03519700FF3091 /* Home.swift */ = {isa = PBXFileReference; lastKnownFileType = sourcecode.swift; path = Home.swift; sourceTree = "<group>"; };
		794A64732A03547600FF3091 /* ProfileView.swift */ = {isa = PBXFileReference; lastKnownFileType = sourcecode.swift; path = ProfileView.swift; sourceTree = "<group>"; };
		794A64762A035C4700FF3091 /* WorkoutGenerator.swift */ = {isa = PBXFileReference; lastKnownFileType = sourcecode.swift; path = WorkoutGenerator.swift; sourceTree = "<group>"; };
		794A64782A035D1400FF3091 /* StartWorkoutHome.swift */ = {isa = PBXFileReference; lastKnownFileType = sourcecode.swift; path = StartWorkoutHome.swift; sourceTree = "<group>"; };
		794A647A2A049F6900FF3091 /* WorkoutModel.swift */ = {isa = PBXFileReference; lastKnownFileType = sourcecode.swift; path = WorkoutModel.swift; sourceTree = "<group>"; };
		794A647C2A04A4BF00FF3091 /* WorkoutTimer.swift */ = {isa = PBXFileReference; lastKnownFileType = sourcecode.swift; path = WorkoutTimer.swift; sourceTree = "<group>"; };
		795DBFC52A1169C800C6F0BF /* AddSetView.swift */ = {isa = PBXFileReference; lastKnownFileType = sourcecode.swift; path = AddSetView.swift; sourceTree = "<group>"; };
		79E0A0362A183CCB00B95875 /* StartWorkoutButton.swift */ = {isa = PBXFileReference; lastKnownFileType = sourcecode.swift; path = StartWorkoutButton.swift; sourceTree = "<group>"; };
		79E0A0392A18408B00B95875 /* TextExtenstions.swift */ = {isa = PBXFileReference; lastKnownFileType = sourcecode.swift; path = TextExtenstions.swift; sourceTree = "<group>"; };
		79F6DE5B2A15E09200C3E1BA /* CompletedExercisesView.swift */ = {isa = PBXFileReference; lastKnownFileType = sourcecode.swift; path = CompletedExercisesView.swift; sourceTree = "<group>"; };
		B53E6E5810B5FF668540BF65 /* Pods-WorkoutTracker-WorkoutTrackerUITests.debug.xcconfig */ = {isa = PBXFileReference; includeInIndex = 1; lastKnownFileType = text.xcconfig; name = "Pods-WorkoutTracker-WorkoutTrackerUITests.debug.xcconfig"; path = "Target Support Files/Pods-WorkoutTracker-WorkoutTrackerUITests/Pods-WorkoutTracker-WorkoutTrackerUITests.debug.xcconfig"; sourceTree = "<group>"; };
		C028D81F1DC421044EEE5A4E /* Pods_WorkoutTracker.framework */ = {isa = PBXFileReference; explicitFileType = wrapper.framework; includeInIndex = 0; path = Pods_WorkoutTracker.framework; sourceTree = BUILT_PRODUCTS_DIR; };
		C7A77F0802637D06718B6581 /* Pods-WorkoutTrackerTests.release.xcconfig */ = {isa = PBXFileReference; includeInIndex = 1; lastKnownFileType = text.xcconfig; name = "Pods-WorkoutTrackerTests.release.xcconfig"; path = "Target Support Files/Pods-WorkoutTrackerTests/Pods-WorkoutTrackerTests.release.xcconfig"; sourceTree = "<group>"; };
/* End PBXFileReference section */

/* Begin PBXFrameworksBuildPhase section */
		794A642E2A03354000FF3091 /* Frameworks */ = {
			isa = PBXFrameworksBuildPhase;
			buildActionMask = 2147483647;
			files = (
				116F5A204DDA055C6DB19272 /* Pods_WorkoutTracker.framework in Frameworks */,
			);
			runOnlyForDeploymentPostprocessing = 0;
		};
		794A643E2A03354400FF3091 /* Frameworks */ = {
			isa = PBXFrameworksBuildPhase;
			buildActionMask = 2147483647;
			files = (
				9EF758BE27EDE3E049516DBB /* Pods_WorkoutTrackerTests.framework in Frameworks */,
			);
			runOnlyForDeploymentPostprocessing = 0;
		};
		794A64482A03354400FF3091 /* Frameworks */ = {
			isa = PBXFrameworksBuildPhase;
			buildActionMask = 2147483647;
			files = (
				5976DE82F6AED6F3C52AE74C /* Pods_WorkoutTracker_WorkoutTrackerUITests.framework in Frameworks */,
			);
			runOnlyForDeploymentPostprocessing = 0;
		};
/* End PBXFrameworksBuildPhase section */

/* Begin PBXGroup section */
		352FD6CAD9E08141EA873EA8 /* Frameworks */ = {
			isa = PBXGroup;
			children = (
				C028D81F1DC421044EEE5A4E /* Pods_WorkoutTracker.framework */,
				39A3D9DD4274D755F4064DD7 /* Pods_WorkoutTracker_WorkoutTrackerUITests.framework */,
				243A435BD7A4939CFCC24192 /* Pods_WorkoutTrackerTests.framework */,
			);
			name = Frameworks;
			sourceTree = "<group>";
		};
		794A64282A03353F00FF3091 = {
			isa = PBXGroup;
			children = (
				794A64332A03354000FF3091 /* WorkoutTracker */,
				794A64442A03354400FF3091 /* WorkoutTrackerTests */,
				794A644E2A03354400FF3091 /* WorkoutTrackerUITests */,
				794A64322A03354000FF3091 /* Products */,
				7AEDBA37FD59B96F0B6939CF /* Pods */,
				352FD6CAD9E08141EA873EA8 /* Frameworks */,
			);
			sourceTree = "<group>";
		};
		794A64322A03354000FF3091 /* Products */ = {
			isa = PBXGroup;
			children = (
				794A64312A03354000FF3091 /* WorkoutTracker.app */,
				794A64412A03354400FF3091 /* WorkoutTrackerTests.xctest */,
				794A644B2A03354400FF3091 /* WorkoutTrackerUITests.xctest */,
			);
			name = Products;
			sourceTree = "<group>";
		};
		794A64332A03354000FF3091 /* WorkoutTracker */ = {
			isa = PBXGroup;
			children = (
				79E0A0382A18407900B95875 /* Resources */,
				794A645F2A03438500FF3091 /* Models */,
				794A645E2A03437A00FF3091 /* Views */,
				794A64342A03354000FF3091 /* WorkoutTrackerApp.swift */,
				794A64362A03354000FF3091 /* ContentView.swift */,
				794A64382A03354300FF3091 /* Assets.xcassets */,
				794A643A2A03354300FF3091 /* Preview Content */,
			);
			path = WorkoutTracker;
			sourceTree = "<group>";
		};
		794A643A2A03354300FF3091 /* Preview Content */ = {
			isa = PBXGroup;
			children = (
				794A643B2A03354300FF3091 /* Preview Assets.xcassets */,
			);
			path = "Preview Content";
			sourceTree = "<group>";
		};
		794A64442A03354400FF3091 /* WorkoutTrackerTests */ = {
			isa = PBXGroup;
			children = (
				794A64452A03354400FF3091 /* WorkoutTrackerTests.swift */,
			);
			path = WorkoutTrackerTests;
			sourceTree = "<group>";
		};
		794A644E2A03354400FF3091 /* WorkoutTrackerUITests */ = {
			isa = PBXGroup;
			children = (
				794A644F2A03354400FF3091 /* WorkoutTrackerUITests.swift */,
				794A64512A03354400FF3091 /* WorkoutTrackerUITestsLaunchTests.swift */,
			);
			path = WorkoutTrackerUITests;
			sourceTree = "<group>";
		};
		794A645E2A03437A00FF3091 /* Views */ = {
			isa = PBXGroup;
			children = (
				794A64752A035C2E00FF3091 /* WorkoutGenerator */,
				794A64722A03546200FF3091 /* Profile */,
				794A646B2A03509200FF3091 /* MainView.swift */,
				794A646D2A03509800FF3091 /* Workout */,
				794A64662A03504100FF3091 /* SignIn */,
				794A64612A0343A100FF3091 /* Common */,
				794A64602A03438C00FF3091 /* Home */,
			);
			path = Views;
			sourceTree = "<group>";
		};
		794A645F2A03438500FF3091 /* Models */ = {
			isa = PBXGroup;
			children = (
				794A64642A0346D800FF3091 /* ViewRouter.swift */,
				794A647A2A049F6900FF3091 /* WorkoutModel.swift */,
				791CB8762A10792A0096E246 /* Workout.swift */,
				791CB8782A1079A70096E246 /* Exercise.swift */,
				791CB87A2A107C230096E246 /* SetObject.swift */,
			);
			path = Models;
			sourceTree = "<group>";
		};
		794A64602A03438C00FF3091 /* Home */ = {
			isa = PBXGroup;
			children = (
				794A64702A03519700FF3091 /* Home.swift */,
				794A64782A035D1400FF3091 /* StartWorkoutHome.swift */,
			);
			path = Home;
			sourceTree = "<group>";
		};
		794A64612A0343A100FF3091 /* Common */ = {
			isa = PBXGroup;
			children = (
				794A64622A0343B100FF3091 /* Header.swift */,
			);
			path = Common;
			sourceTree = "<group>";
		};
		794A64662A03504100FF3091 /* SignIn */ = {
			isa = PBXGroup;
			children = (
				794A64672A03505400FF3091 /* SignUpView.swift */,
				794A64692A03506100FF3091 /* SignInView.swift */,
			);
			path = SignIn;
			sourceTree = "<group>";
		};
		794A646D2A03509800FF3091 /* Workout */ = {
			isa = PBXGroup;
			children = (
				794A646E2A0350A500FF3091 /* WorkoutView.swift */,
				794A647C2A04A4BF00FF3091 /* WorkoutTimer.swift */,
				791CB8702A10624E0096E246 /* CurrentExercise.swift */,
				791CB8742A106B810096E246 /* CurrentExerciseSet.swift */,
				791CB87C2A10A8870096E246 /* CurrentExerciseCompletedSets.swift */,
				795DBFC52A1169C800C6F0BF /* AddSetView.swift */,
				7908BCA12A13155A00E6D1D0 /* StartExerciseView.swift */,
				79F6DE5B2A15E09200C3E1BA /* CompletedExercisesView.swift */,
				79E0A0362A183CCB00B95875 /* StartWorkoutButton.swift */,
			);
			path = Workout;
			sourceTree = "<group>";
		};
		794A64722A03546200FF3091 /* Profile */ = {
			isa = PBXGroup;
			children = (
				794A64732A03547600FF3091 /* ProfileView.swift */,
			);
			path = Profile;
			sourceTree = "<group>";
		};
		794A64752A035C2E00FF3091 /* WorkoutGenerator */ = {
			isa = PBXGroup;
			children = (
				794A64762A035C4700FF3091 /* WorkoutGenerator.swift */,
			);
			path = WorkoutGenerator;
			sourceTree = "<group>";
		};
		79E0A0382A18407900B95875 /* Resources */ = {
			isa = PBXGroup;
			children = (
				79E0A0392A18408B00B95875 /* TextExtenstions.swift */,
			);
			path = Resources;
			sourceTree = "<group>";
		};
		7AEDBA37FD59B96F0B6939CF /* Pods */ = {
			isa = PBXGroup;
			children = (
				67EF9335FEA981E6BBB443DB /* Pods-WorkoutTracker.debug.xcconfig */,
				01E61B72E41FA6E624F414B9 /* Pods-WorkoutTracker.release.xcconfig */,
				B53E6E5810B5FF668540BF65 /* Pods-WorkoutTracker-WorkoutTrackerUITests.debug.xcconfig */,
				278E022C753EDDC4EFA5BB0A /* Pods-WorkoutTracker-WorkoutTrackerUITests.release.xcconfig */,
				40BFB98E515FFBF55928759A /* Pods-WorkoutTrackerTests.debug.xcconfig */,
				C7A77F0802637D06718B6581 /* Pods-WorkoutTrackerTests.release.xcconfig */,
			);
			path = Pods;
			sourceTree = "<group>";
		};
/* End PBXGroup section */

/* Begin PBXNativeTarget section */
		794A64302A03354000FF3091 /* WorkoutTracker */ = {
			isa = PBXNativeTarget;
			buildConfigurationList = 794A64552A03354400FF3091 /* Build configuration list for PBXNativeTarget "WorkoutTracker" */;
			buildPhases = (
				32C810E241D60AD819DFB47C /* [CP] Check Pods Manifest.lock */,
				794A642D2A03354000FF3091 /* Sources */,
				794A642E2A03354000FF3091 /* Frameworks */,
				794A642F2A03354000FF3091 /* Resources */,
				CF4A03AA6734BF394633A87E /* [CP] Embed Pods Frameworks */,
			);
			buildRules = (
			);
			dependencies = (
			);
			name = WorkoutTracker;
			productName = WorkoutTracker;
			productReference = 794A64312A03354000FF3091 /* WorkoutTracker.app */;
			productType = "com.apple.product-type.application";
		};
		794A64402A03354400FF3091 /* WorkoutTrackerTests */ = {
			isa = PBXNativeTarget;
			buildConfigurationList = 794A64582A03354400FF3091 /* Build configuration list for PBXNativeTarget "WorkoutTrackerTests" */;
			buildPhases = (
				86FBC38CFE425B49054EC247 /* [CP] Check Pods Manifest.lock */,
				794A643D2A03354400FF3091 /* Sources */,
				794A643E2A03354400FF3091 /* Frameworks */,
				794A643F2A03354400FF3091 /* Resources */,
			);
			buildRules = (
			);
			dependencies = (
				794A64432A03354400FF3091 /* PBXTargetDependency */,
			);
			name = WorkoutTrackerTests;
			productName = WorkoutTrackerTests;
			productReference = 794A64412A03354400FF3091 /* WorkoutTrackerTests.xctest */;
			productType = "com.apple.product-type.bundle.unit-test";
		};
		794A644A2A03354400FF3091 /* WorkoutTrackerUITests */ = {
			isa = PBXNativeTarget;
			buildConfigurationList = 794A645B2A03354400FF3091 /* Build configuration list for PBXNativeTarget "WorkoutTrackerUITests" */;
			buildPhases = (
				56718F7CF25F94A874979738 /* [CP] Check Pods Manifest.lock */,
				794A64472A03354400FF3091 /* Sources */,
				794A64482A03354400FF3091 /* Frameworks */,
				794A64492A03354400FF3091 /* Resources */,
				7F34927FA576B83E965F1B5A /* [CP] Embed Pods Frameworks */,
			);
			buildRules = (
			);
			dependencies = (
				794A644D2A03354400FF3091 /* PBXTargetDependency */,
			);
			name = WorkoutTrackerUITests;
			productName = WorkoutTrackerUITests;
			productReference = 794A644B2A03354400FF3091 /* WorkoutTrackerUITests.xctest */;
			productType = "com.apple.product-type.bundle.ui-testing";
		};
/* End PBXNativeTarget section */

/* Begin PBXProject section */
		794A64292A03354000FF3091 /* Project object */ = {
			isa = PBXProject;
			attributes = {
				BuildIndependentTargetsInParallel = 1;
				LastSwiftUpdateCheck = 1420;
				LastUpgradeCheck = 1420;
				TargetAttributes = {
					794A64302A03354000FF3091 = {
						CreatedOnToolsVersion = 14.2;
					};
					794A64402A03354400FF3091 = {
						CreatedOnToolsVersion = 14.2;
						TestTargetID = 794A64302A03354000FF3091;
					};
					794A644A2A03354400FF3091 = {
						CreatedOnToolsVersion = 14.2;
						TestTargetID = 794A64302A03354000FF3091;
					};
				};
			};
			buildConfigurationList = 794A642C2A03354000FF3091 /* Build configuration list for PBXProject "WorkoutTracker" */;
			compatibilityVersion = "Xcode 14.0";
			developmentRegion = en;
			hasScannedForEncodings = 0;
			knownRegions = (
				en,
				Base,
			);
			mainGroup = 794A64282A03353F00FF3091;
			productRefGroup = 794A64322A03354000FF3091 /* Products */;
			projectDirPath = "";
			projectRoot = "";
			targets = (
				794A64302A03354000FF3091 /* WorkoutTracker */,
				794A64402A03354400FF3091 /* WorkoutTrackerTests */,
				794A644A2A03354400FF3091 /* WorkoutTrackerUITests */,
			);
		};
/* End PBXProject section */

/* Begin PBXResourcesBuildPhase section */
		794A642F2A03354000FF3091 /* Resources */ = {
			isa = PBXResourcesBuildPhase;
			buildActionMask = 2147483647;
			files = (
				794A643C2A03354300FF3091 /* Preview Assets.xcassets in Resources */,
				794A64392A03354300FF3091 /* Assets.xcassets in Resources */,
			);
			runOnlyForDeploymentPostprocessing = 0;
		};
		794A643F2A03354400FF3091 /* Resources */ = {
			isa = PBXResourcesBuildPhase;
			buildActionMask = 2147483647;
			files = (
			);
			runOnlyForDeploymentPostprocessing = 0;
		};
		794A64492A03354400FF3091 /* Resources */ = {
			isa = PBXResourcesBuildPhase;
			buildActionMask = 2147483647;
			files = (
			);
			runOnlyForDeploymentPostprocessing = 0;
		};
/* End PBXResourcesBuildPhase section */

/* Begin PBXShellScriptBuildPhase section */
		32C810E241D60AD819DFB47C /* [CP] Check Pods Manifest.lock */ = {
			isa = PBXShellScriptBuildPhase;
			buildActionMask = 2147483647;
			files = (
			);
			inputFileListPaths = (
			);
			inputPaths = (
				"${PODS_PODFILE_DIR_PATH}/Podfile.lock",
				"${PODS_ROOT}/Manifest.lock",
			);
			name = "[CP] Check Pods Manifest.lock";
			outputFileListPaths = (
			);
			outputPaths = (
				"$(DERIVED_FILE_DIR)/Pods-WorkoutTracker-checkManifestLockResult.txt",
			);
			runOnlyForDeploymentPostprocessing = 0;
			shellPath = /bin/sh;
			shellScript = "diff \"${PODS_PODFILE_DIR_PATH}/Podfile.lock\" \"${PODS_ROOT}/Manifest.lock\" > /dev/null\nif [ $? != 0 ] ; then\n    # print error to STDERR\n    echo \"error: The sandbox is not in sync with the Podfile.lock. Run 'pod install' or update your CocoaPods installation.\" >&2\n    exit 1\nfi\n# This output is used by Xcode 'outputs' to avoid re-running this script phase.\necho \"SUCCESS\" > \"${SCRIPT_OUTPUT_FILE_0}\"\n";
			showEnvVarsInLog = 0;
		};
		56718F7CF25F94A874979738 /* [CP] Check Pods Manifest.lock */ = {
			isa = PBXShellScriptBuildPhase;
			buildActionMask = 2147483647;
			files = (
			);
			inputFileListPaths = (
			);
			inputPaths = (
				"${PODS_PODFILE_DIR_PATH}/Podfile.lock",
				"${PODS_ROOT}/Manifest.lock",
			);
			name = "[CP] Check Pods Manifest.lock";
			outputFileListPaths = (
			);
			outputPaths = (
				"$(DERIVED_FILE_DIR)/Pods-WorkoutTracker-WorkoutTrackerUITests-checkManifestLockResult.txt",
			);
			runOnlyForDeploymentPostprocessing = 0;
			shellPath = /bin/sh;
			shellScript = "diff \"${PODS_PODFILE_DIR_PATH}/Podfile.lock\" \"${PODS_ROOT}/Manifest.lock\" > /dev/null\nif [ $? != 0 ] ; then\n    # print error to STDERR\n    echo \"error: The sandbox is not in sync with the Podfile.lock. Run 'pod install' or update your CocoaPods installation.\" >&2\n    exit 1\nfi\n# This output is used by Xcode 'outputs' to avoid re-running this script phase.\necho \"SUCCESS\" > \"${SCRIPT_OUTPUT_FILE_0}\"\n";
			showEnvVarsInLog = 0;
		};
		7F34927FA576B83E965F1B5A /* [CP] Embed Pods Frameworks */ = {
			isa = PBXShellScriptBuildPhase;
			buildActionMask = 2147483647;
			files = (
			);
			inputFileListPaths = (
				"${PODS_ROOT}/Target Support Files/Pods-WorkoutTracker-WorkoutTrackerUITests/Pods-WorkoutTracker-WorkoutTrackerUITests-frameworks-${CONFIGURATION}-input-files.xcfilelist",
			);
			name = "[CP] Embed Pods Frameworks";
			outputFileListPaths = (
				"${PODS_ROOT}/Target Support Files/Pods-WorkoutTracker-WorkoutTrackerUITests/Pods-WorkoutTracker-WorkoutTrackerUITests-frameworks-${CONFIGURATION}-output-files.xcfilelist",
			);
			runOnlyForDeploymentPostprocessing = 0;
			shellPath = /bin/sh;
			shellScript = "\"${PODS_ROOT}/Target Support Files/Pods-WorkoutTracker-WorkoutTrackerUITests/Pods-WorkoutTracker-WorkoutTrackerUITests-frameworks.sh\"\n";
			showEnvVarsInLog = 0;
		};
		86FBC38CFE425B49054EC247 /* [CP] Check Pods Manifest.lock */ = {
			isa = PBXShellScriptBuildPhase;
			buildActionMask = 2147483647;
			files = (
			);
			inputFileListPaths = (
			);
			inputPaths = (
				"${PODS_PODFILE_DIR_PATH}/Podfile.lock",
				"${PODS_ROOT}/Manifest.lock",
			);
			name = "[CP] Check Pods Manifest.lock";
			outputFileListPaths = (
			);
			outputPaths = (
				"$(DERIVED_FILE_DIR)/Pods-WorkoutTrackerTests-checkManifestLockResult.txt",
			);
			runOnlyForDeploymentPostprocessing = 0;
			shellPath = /bin/sh;
			shellScript = "diff \"${PODS_PODFILE_DIR_PATH}/Podfile.lock\" \"${PODS_ROOT}/Manifest.lock\" > /dev/null\nif [ $? != 0 ] ; then\n    # print error to STDERR\n    echo \"error: The sandbox is not in sync with the Podfile.lock. Run 'pod install' or update your CocoaPods installation.\" >&2\n    exit 1\nfi\n# This output is used by Xcode 'outputs' to avoid re-running this script phase.\necho \"SUCCESS\" > \"${SCRIPT_OUTPUT_FILE_0}\"\n";
			showEnvVarsInLog = 0;
		};
		CF4A03AA6734BF394633A87E /* [CP] Embed Pods Frameworks */ = {
			isa = PBXShellScriptBuildPhase;
			buildActionMask = 2147483647;
			files = (
			);
			inputFileListPaths = (
				"${PODS_ROOT}/Target Support Files/Pods-WorkoutTracker/Pods-WorkoutTracker-frameworks-${CONFIGURATION}-input-files.xcfilelist",
			);
			name = "[CP] Embed Pods Frameworks";
			outputFileListPaths = (
				"${PODS_ROOT}/Target Support Files/Pods-WorkoutTracker/Pods-WorkoutTracker-frameworks-${CONFIGURATION}-output-files.xcfilelist",
			);
			runOnlyForDeploymentPostprocessing = 0;
			shellPath = /bin/sh;
			shellScript = "\"${PODS_ROOT}/Target Support Files/Pods-WorkoutTracker/Pods-WorkoutTracker-frameworks.sh\"\n";
			showEnvVarsInLog = 0;
		};
/* End PBXShellScriptBuildPhase section */

/* Begin PBXSourcesBuildPhase section */
		794A642D2A03354000FF3091 /* Sources */ = {
			isa = PBXSourcesBuildPhase;
			buildActionMask = 2147483647;
			files = (
				79E0A03A2A18408B00B95875 /* TextExtenstions.swift in Sources */,
				791CB87D2A10A8870096E246 /* CurrentExerciseCompletedSets.swift in Sources */,
				794A646A2A03506100FF3091 /* SignInView.swift in Sources */,
				795DBFC62A1169C800C6F0BF /* AddSetView.swift in Sources */,
				794A64372A03354000FF3091 /* ContentView.swift in Sources */,
				794A64742A03547600FF3091 /* ProfileView.swift in Sources */,
				794A646F2A0350A500FF3091 /* WorkoutView.swift in Sources */,
				794A647B2A049F6A00FF3091 /* WorkoutModel.swift in Sources */,
				794A64682A03505400FF3091 /* SignUpView.swift in Sources */,
				79E0A0372A183CCC00B95875 /* StartWorkoutButton.swift in Sources */,
				794A64712A03519700FF3091 /* Home.swift in Sources */,
				794A64632A0343B100FF3091 /* Header.swift in Sources */,
				794A64352A03354000FF3091 /* WorkoutTrackerApp.swift in Sources */,
				794A647D2A04A4BF00FF3091 /* WorkoutTimer.swift in Sources */,
				791CB8752A106B810096E246 /* CurrentExerciseSet.swift in Sources */,
				791CB8712A10624E0096E246 /* CurrentExercise.swift in Sources */,
				79F6DE5C2A15E09200C3E1BA /* CompletedExercisesView.swift in Sources */,
				794A64772A035C4700FF3091 /* WorkoutGenerator.swift in Sources */,
				794A646C2A03509200FF3091 /* MainView.swift in Sources */,
				791CB87B2A107C230096E246 /* SetObject.swift in Sources */,
				794A64652A0346D800FF3091 /* ViewRouter.swift in Sources */,
				791CB8772A10792A0096E246 /* Workout.swift in Sources */,
				794A64792A035D1400FF3091 /* StartWorkoutHome.swift in Sources */,
				791CB8792A1079A70096E246 /* Exercise.swift in Sources */,
				7908BCA22A13155A00E6D1D0 /* StartExerciseView.swift in Sources */,
			);
			runOnlyForDeploymentPostprocessing = 0;
		};
		794A643D2A03354400FF3091 /* Sources */ = {
			isa = PBXSourcesBuildPhase;
			buildActionMask = 2147483647;
			files = (
				794A64462A03354400FF3091 /* WorkoutTrackerTests.swift in Sources */,
			);
			runOnlyForDeploymentPostprocessing = 0;
		};
		794A64472A03354400FF3091 /* Sources */ = {
			isa = PBXSourcesBuildPhase;
			buildActionMask = 2147483647;
			files = (
				794A64502A03354400FF3091 /* WorkoutTrackerUITests.swift in Sources */,
				794A64522A03354400FF3091 /* WorkoutTrackerUITestsLaunchTests.swift in Sources */,
			);
			runOnlyForDeploymentPostprocessing = 0;
		};
/* End PBXSourcesBuildPhase section */

/* Begin PBXTargetDependency section */
		794A64432A03354400FF3091 /* PBXTargetDependency */ = {
			isa = PBXTargetDependency;
			target = 794A64302A03354000FF3091 /* WorkoutTracker */;
			targetProxy = 794A64422A03354400FF3091 /* PBXContainerItemProxy */;
		};
		794A644D2A03354400FF3091 /* PBXTargetDependency */ = {
			isa = PBXTargetDependency;
			target = 794A64302A03354000FF3091 /* WorkoutTracker */;
			targetProxy = 794A644C2A03354400FF3091 /* PBXContainerItemProxy */;
		};
/* End PBXTargetDependency section */

/* Begin XCBuildConfiguration section */
		794A64532A03354400FF3091 /* Debug */ = {
			isa = XCBuildConfiguration;
			buildSettings = {
				ALWAYS_SEARCH_USER_PATHS = NO;
				CLANG_ANALYZER_NONNULL = YES;
				CLANG_ANALYZER_NUMBER_OBJECT_CONVERSION = YES_AGGRESSIVE;
				CLANG_CXX_LANGUAGE_STANDARD = "gnu++20";
				CLANG_ENABLE_MODULES = YES;
				CLANG_ENABLE_OBJC_ARC = YES;
				CLANG_ENABLE_OBJC_WEAK = YES;
				CLANG_WARN_BLOCK_CAPTURE_AUTORELEASING = YES;
				CLANG_WARN_BOOL_CONVERSION = YES;
				CLANG_WARN_COMMA = YES;
				CLANG_WARN_CONSTANT_CONVERSION = YES;
				CLANG_WARN_DEPRECATED_OBJC_IMPLEMENTATIONS = YES;
				CLANG_WARN_DIRECT_OBJC_ISA_USAGE = YES_ERROR;
				CLANG_WARN_DOCUMENTATION_COMMENTS = YES;
				CLANG_WARN_EMPTY_BODY = YES;
				CLANG_WARN_ENUM_CONVERSION = YES;
				CLANG_WARN_INFINITE_RECURSION = YES;
				CLANG_WARN_INT_CONVERSION = YES;
				CLANG_WARN_NON_LITERAL_NULL_CONVERSION = YES;
				CLANG_WARN_OBJC_IMPLICIT_RETAIN_SELF = YES;
				CLANG_WARN_OBJC_LITERAL_CONVERSION = YES;
				CLANG_WARN_OBJC_ROOT_CLASS = YES_ERROR;
				CLANG_WARN_QUOTED_INCLUDE_IN_FRAMEWORK_HEADER = YES;
				CLANG_WARN_RANGE_LOOP_ANALYSIS = YES;
				CLANG_WARN_STRICT_PROTOTYPES = YES;
				CLANG_WARN_SUSPICIOUS_MOVE = YES;
				CLANG_WARN_UNGUARDED_AVAILABILITY = YES_AGGRESSIVE;
				CLANG_WARN_UNREACHABLE_CODE = YES;
				CLANG_WARN__DUPLICATE_METHOD_MATCH = YES;
				COPY_PHASE_STRIP = NO;
				DEBUG_INFORMATION_FORMAT = dwarf;
				ENABLE_STRICT_OBJC_MSGSEND = YES;
				ENABLE_TESTABILITY = YES;
				GCC_C_LANGUAGE_STANDARD = gnu11;
				GCC_DYNAMIC_NO_PIC = NO;
				GCC_NO_COMMON_BLOCKS = YES;
				GCC_OPTIMIZATION_LEVEL = 0;
				GCC_PREPROCESSOR_DEFINITIONS = (
					"DEBUG=1",
					"$(inherited)",
				);
				GCC_WARN_64_TO_32_BIT_CONVERSION = YES;
				GCC_WARN_ABOUT_RETURN_TYPE = YES_ERROR;
				GCC_WARN_UNDECLARED_SELECTOR = YES;
				GCC_WARN_UNINITIALIZED_AUTOS = YES_AGGRESSIVE;
				GCC_WARN_UNUSED_FUNCTION = YES;
				GCC_WARN_UNUSED_VARIABLE = YES;
				IPHONEOS_DEPLOYMENT_TARGET = 16.2;
				MTL_ENABLE_DEBUG_INFO = INCLUDE_SOURCE;
				MTL_FAST_MATH = YES;
				ONLY_ACTIVE_ARCH = YES;
				SDKROOT = iphoneos;
				SWIFT_ACTIVE_COMPILATION_CONDITIONS = DEBUG;
				SWIFT_OPTIMIZATION_LEVEL = "-Onone";
			};
			name = Debug;
		};
		794A64542A03354400FF3091 /* Release */ = {
			isa = XCBuildConfiguration;
			buildSettings = {
				ALWAYS_SEARCH_USER_PATHS = NO;
				CLANG_ANALYZER_NONNULL = YES;
				CLANG_ANALYZER_NUMBER_OBJECT_CONVERSION = YES_AGGRESSIVE;
				CLANG_CXX_LANGUAGE_STANDARD = "gnu++20";
				CLANG_ENABLE_MODULES = YES;
				CLANG_ENABLE_OBJC_ARC = YES;
				CLANG_ENABLE_OBJC_WEAK = YES;
				CLANG_WARN_BLOCK_CAPTURE_AUTORELEASING = YES;
				CLANG_WARN_BOOL_CONVERSION = YES;
				CLANG_WARN_COMMA = YES;
				CLANG_WARN_CONSTANT_CONVERSION = YES;
				CLANG_WARN_DEPRECATED_OBJC_IMPLEMENTATIONS = YES;
				CLANG_WARN_DIRECT_OBJC_ISA_USAGE = YES_ERROR;
				CLANG_WARN_DOCUMENTATION_COMMENTS = YES;
				CLANG_WARN_EMPTY_BODY = YES;
				CLANG_WARN_ENUM_CONVERSION = YES;
				CLANG_WARN_INFINITE_RECURSION = YES;
				CLANG_WARN_INT_CONVERSION = YES;
				CLANG_WARN_NON_LITERAL_NULL_CONVERSION = YES;
				CLANG_WARN_OBJC_IMPLICIT_RETAIN_SELF = YES;
				CLANG_WARN_OBJC_LITERAL_CONVERSION = YES;
				CLANG_WARN_OBJC_ROOT_CLASS = YES_ERROR;
				CLANG_WARN_QUOTED_INCLUDE_IN_FRAMEWORK_HEADER = YES;
				CLANG_WARN_RANGE_LOOP_ANALYSIS = YES;
				CLANG_WARN_STRICT_PROTOTYPES = YES;
				CLANG_WARN_SUSPICIOUS_MOVE = YES;
				CLANG_WARN_UNGUARDED_AVAILABILITY = YES_AGGRESSIVE;
				CLANG_WARN_UNREACHABLE_CODE = YES;
				CLANG_WARN__DUPLICATE_METHOD_MATCH = YES;
				COPY_PHASE_STRIP = NO;
				DEBUG_INFORMATION_FORMAT = "dwarf-with-dsym";
				ENABLE_NS_ASSERTIONS = NO;
				ENABLE_STRICT_OBJC_MSGSEND = YES;
				GCC_C_LANGUAGE_STANDARD = gnu11;
				GCC_NO_COMMON_BLOCKS = YES;
				GCC_WARN_64_TO_32_BIT_CONVERSION = YES;
				GCC_WARN_ABOUT_RETURN_TYPE = YES_ERROR;
				GCC_WARN_UNDECLARED_SELECTOR = YES;
				GCC_WARN_UNINITIALIZED_AUTOS = YES_AGGRESSIVE;
				GCC_WARN_UNUSED_FUNCTION = YES;
				GCC_WARN_UNUSED_VARIABLE = YES;
				IPHONEOS_DEPLOYMENT_TARGET = 16.2;
				MTL_ENABLE_DEBUG_INFO = NO;
				MTL_FAST_MATH = YES;
				SDKROOT = iphoneos;
				SWIFT_COMPILATION_MODE = wholemodule;
				SWIFT_OPTIMIZATION_LEVEL = "-O";
				VALIDATE_PRODUCT = YES;
			};
			name = Release;
		};
		794A64562A03354400FF3091 /* Debug */ = {
			isa = XCBuildConfiguration;
			baseConfigurationReference = 67EF9335FEA981E6BBB443DB /* Pods-WorkoutTracker.debug.xcconfig */;
			buildSettings = {
				ASSETCATALOG_COMPILER_APPICON_NAME = AppIcon;
				ASSETCATALOG_COMPILER_GLOBAL_ACCENT_COLOR_NAME = AccentColor;
				CODE_SIGN_STYLE = Automatic;
				CURRENT_PROJECT_VERSION = 1;
				DEVELOPMENT_ASSET_PATHS = "\"WorkoutTracker/Preview Content\"";
				DEVELOPMENT_TEAM = NUPMRU97TA;
				ENABLE_PREVIEWS = YES;
				GENERATE_INFOPLIST_FILE = YES;
				INFOPLIST_KEY_UIApplicationSceneManifest_Generation = YES;
				INFOPLIST_KEY_UIApplicationSupportsIndirectInputEvents = YES;
				INFOPLIST_KEY_UILaunchScreen_Generation = YES;
				INFOPLIST_KEY_UISupportedInterfaceOrientations_iPad = "UIInterfaceOrientationPortrait UIInterfaceOrientationPortraitUpsideDown UIInterfaceOrientationLandscapeLeft UIInterfaceOrientationLandscapeRight";
				INFOPLIST_KEY_UISupportedInterfaceOrientations_iPhone = "UIInterfaceOrientationPortrait UIInterfaceOrientationLandscapeLeft UIInterfaceOrientationLandscapeRight";
				LD_RUNPATH_SEARCH_PATHS = (
					"$(inherited)",
					"@executable_path/Frameworks",
				);
				MARKETING_VERSION = 1.0;
				PRODUCT_BUNDLE_IDENTIFIER = BernieGraves.WorkoutTracker;
				PRODUCT_NAME = "$(TARGET_NAME)";
				SWIFT_EMIT_LOC_STRINGS = YES;
				SWIFT_VERSION = 5.0;
				TARGETED_DEVICE_FAMILY = "1,2";
			};
			name = Debug;
		};
		794A64572A03354400FF3091 /* Release */ = {
			isa = XCBuildConfiguration;
			baseConfigurationReference = 01E61B72E41FA6E624F414B9 /* Pods-WorkoutTracker.release.xcconfig */;
			buildSettings = {
				ASSETCATALOG_COMPILER_APPICON_NAME = AppIcon;
				ASSETCATALOG_COMPILER_GLOBAL_ACCENT_COLOR_NAME = AccentColor;
				CODE_SIGN_STYLE = Automatic;
				CURRENT_PROJECT_VERSION = 1;
				DEVELOPMENT_ASSET_PATHS = "\"WorkoutTracker/Preview Content\"";
				DEVELOPMENT_TEAM = NUPMRU97TA;
				ENABLE_PREVIEWS = YES;
				GENERATE_INFOPLIST_FILE = YES;
				INFOPLIST_KEY_UIApplicationSceneManifest_Generation = YES;
				INFOPLIST_KEY_UIApplicationSupportsIndirectInputEvents = YES;
				INFOPLIST_KEY_UILaunchScreen_Generation = YES;
				INFOPLIST_KEY_UISupportedInterfaceOrientations_iPad = "UIInterfaceOrientationPortrait UIInterfaceOrientationPortraitUpsideDown UIInterfaceOrientationLandscapeLeft UIInterfaceOrientationLandscapeRight";
				INFOPLIST_KEY_UISupportedInterfaceOrientations_iPhone = "UIInterfaceOrientationPortrait UIInterfaceOrientationLandscapeLeft UIInterfaceOrientationLandscapeRight";
				LD_RUNPATH_SEARCH_PATHS = (
					"$(inherited)",
					"@executable_path/Frameworks",
				);
				MARKETING_VERSION = 1.0;
				PRODUCT_BUNDLE_IDENTIFIER = BernieGraves.WorkoutTracker;
				PRODUCT_NAME = "$(TARGET_NAME)";
				SWIFT_EMIT_LOC_STRINGS = YES;
				SWIFT_VERSION = 5.0;
				TARGETED_DEVICE_FAMILY = "1,2";
			};
			name = Release;
		};
		794A64592A03354400FF3091 /* Debug */ = {
			isa = XCBuildConfiguration;
			baseConfigurationReference = 40BFB98E515FFBF55928759A /* Pods-WorkoutTrackerTests.debug.xcconfig */;
			buildSettings = {
				ALWAYS_EMBED_SWIFT_STANDARD_LIBRARIES = YES;
				BUNDLE_LOADER = "$(TEST_HOST)";
				CODE_SIGN_STYLE = Automatic;
				CURRENT_PROJECT_VERSION = 1;
				DEVELOPMENT_TEAM = NUPMRU97TA;
				GENERATE_INFOPLIST_FILE = YES;
				IPHONEOS_DEPLOYMENT_TARGET = 16.2;
				MARKETING_VERSION = 1.0;
				PRODUCT_BUNDLE_IDENTIFIER = BernieGraves.WorkoutTrackerTests;
				PRODUCT_NAME = "$(TARGET_NAME)";
				SWIFT_EMIT_LOC_STRINGS = NO;
				SWIFT_VERSION = 5.0;
				TARGETED_DEVICE_FAMILY = "1,2";
				TEST_HOST = "$(BUILT_PRODUCTS_DIR)/WorkoutTracker.app/$(BUNDLE_EXECUTABLE_FOLDER_PATH)/WorkoutTracker";
			};
			name = Debug;
		};
		794A645A2A03354400FF3091 /* Release */ = {
			isa = XCBuildConfiguration;
			baseConfigurationReference = C7A77F0802637D06718B6581 /* Pods-WorkoutTrackerTests.release.xcconfig */;
			buildSettings = {
				ALWAYS_EMBED_SWIFT_STANDARD_LIBRARIES = YES;
				BUNDLE_LOADER = "$(TEST_HOST)";
				CODE_SIGN_STYLE = Automatic;
				CURRENT_PROJECT_VERSION = 1;
				DEVELOPMENT_TEAM = NUPMRU97TA;
				GENERATE_INFOPLIST_FILE = YES;
				IPHONEOS_DEPLOYMENT_TARGET = 16.2;
				MARKETING_VERSION = 1.0;
				PRODUCT_BUNDLE_IDENTIFIER = BernieGraves.WorkoutTrackerTests;
				PRODUCT_NAME = "$(TARGET_NAME)";
				SWIFT_EMIT_LOC_STRINGS = NO;
				SWIFT_VERSION = 5.0;
				TARGETED_DEVICE_FAMILY = "1,2";
				TEST_HOST = "$(BUILT_PRODUCTS_DIR)/WorkoutTracker.app/$(BUNDLE_EXECUTABLE_FOLDER_PATH)/WorkoutTracker";
			};
			name = Release;
		};
		794A645C2A03354400FF3091 /* Debug */ = {
			isa = XCBuildConfiguration;
			baseConfigurationReference = B53E6E5810B5FF668540BF65 /* Pods-WorkoutTracker-WorkoutTrackerUITests.debug.xcconfig */;
			buildSettings = {
				ALWAYS_EMBED_SWIFT_STANDARD_LIBRARIES = YES;
				CODE_SIGN_STYLE = Automatic;
				CURRENT_PROJECT_VERSION = 1;
				DEVELOPMENT_TEAM = NUPMRU97TA;
				GENERATE_INFOPLIST_FILE = YES;
				MARKETING_VERSION = 1.0;
				PRODUCT_BUNDLE_IDENTIFIER = BernieGraves.WorkoutTrackerUITests;
				PRODUCT_NAME = "$(TARGET_NAME)";
				SWIFT_EMIT_LOC_STRINGS = NO;
				SWIFT_VERSION = 5.0;
				TARGETED_DEVICE_FAMILY = "1,2";
				TEST_TARGET_NAME = WorkoutTracker;
			};
			name = Debug;
		};
		794A645D2A03354400FF3091 /* Release */ = {
			isa = XCBuildConfiguration;
			baseConfigurationReference = 278E022C753EDDC4EFA5BB0A /* Pods-WorkoutTracker-WorkoutTrackerUITests.release.xcconfig */;
			buildSettings = {
				ALWAYS_EMBED_SWIFT_STANDARD_LIBRARIES = YES;
				CODE_SIGN_STYLE = Automatic;
				CURRENT_PROJECT_VERSION = 1;
				DEVELOPMENT_TEAM = NUPMRU97TA;
				GENERATE_INFOPLIST_FILE = YES;
				MARKETING_VERSION = 1.0;
				PRODUCT_BUNDLE_IDENTIFIER = BernieGraves.WorkoutTrackerUITests;
				PRODUCT_NAME = "$(TARGET_NAME)";
				SWIFT_EMIT_LOC_STRINGS = NO;
				SWIFT_VERSION = 5.0;
				TARGETED_DEVICE_FAMILY = "1,2";
				TEST_TARGET_NAME = WorkoutTracker;
			};
			name = Release;
		};
/* End XCBuildConfiguration section */

/* Begin XCConfigurationList section */
		794A642C2A03354000FF3091 /* Build configuration list for PBXProject "WorkoutTracker" */ = {
			isa = XCConfigurationList;
			buildConfigurations = (
				794A64532A03354400FF3091 /* Debug */,
				794A64542A03354400FF3091 /* Release */,
			);
			defaultConfigurationIsVisible = 0;
			defaultConfigurationName = Release;
		};
		794A64552A03354400FF3091 /* Build configuration list for PBXNativeTarget "WorkoutTracker" */ = {
			isa = XCConfigurationList;
			buildConfigurations = (
				794A64562A03354400FF3091 /* Debug */,
				794A64572A03354400FF3091 /* Release */,
			);
			defaultConfigurationIsVisible = 0;
			defaultConfigurationName = Release;
		};
		794A64582A03354400FF3091 /* Build configuration list for PBXNativeTarget "WorkoutTrackerTests" */ = {
			isa = XCConfigurationList;
			buildConfigurations = (
				794A64592A03354400FF3091 /* Debug */,
				794A645A2A03354400FF3091 /* Release */,
			);
			defaultConfigurationIsVisible = 0;
			defaultConfigurationName = Release;
		};
		794A645B2A03354400FF3091 /* Build configuration list for PBXNativeTarget "WorkoutTrackerUITests" */ = {
			isa = XCConfigurationList;
			buildConfigurations = (
				794A645C2A03354400FF3091 /* Debug */,
				794A645D2A03354400FF3091 /* Release */,
			);
			defaultConfigurationIsVisible = 0;
			defaultConfigurationName = Release;
		};
/* End XCConfigurationList section */
	};
	rootObject = 794A64292A03354000FF3091 /* Project object */;
}
